
Microsoft Visual Studio Solution File, Format Version 12.00
# Visual Studio Version 16
VisualStudioVersion = 16.0.31515.178
MinimumVisualStudioVersion = 10.0.40219.1
Project("{FAE04EC0-301F-11D3-BF4B-00C04F79EFBC}") = "AtYarisi", "AtYarisi\AtYarisi.csproj", "{0F813EEF-5E5D-4B33-BD16-34EE70EA565D}"
EndProject
Global
	GlobalSection(SolutionConfigurationPlatforms) = preSolution
		Debug|Any CPU = Debug|Any CPU
		Release|Any CPU = Release|Any CPU
	EndGlobalSection
	GlobalSection(ProjectConfigurationPlatforms) = postSolution
		{0F813EEF-5E5D-4B33-BD16-34EE70EA565D}.Debug|Any CPU.ActiveCfg = Debug|Any CPU
		{0F813EEF-5E5D-4B33-BD16-34EE70EA565D}.Debug|Any CPU.Build.0 = Debug|Any CPU
		{0F813EEF-5E5D-4B33-BD16-34EE70EA565D}.Release|Any CPU.ActiveCfg = Release|Any CPU
		{0F813EEF-5E5D-4B33-BD16-34EE70EA565D}.Release|Any CPU.Build.0 = Release|Any CPU
	EndGlobalSection
	GlobalSection(SolutionProperties) = preSolution
		HideSolutionNode = FALSE
	EndGlobalSection
	GlobalSection(ExtensibilityGlobals) = postSolution
		SolutionGuid = {9D7C4FE6-C9B0-4CB8-946C-FDF15360C7FE}
	EndGlobalSection
EndGlobal
